
Microsoft Visual Studio Solution File, Format Version 12.00
# Visual Studio Version 16
VisualStudioVersion = 16.0.31729.503
MinimumVisualStudioVersion = 10.0.40219.1
Project("{FAE04EC0-301F-11D3-BF4B-00C04F79EFBC}") = "Presentacion", "maquinariasGAQ\Presentacion.csproj", "{54148B28-AB90-441F-926A-4F079B9E8631}"
EndProject
Project("{FAE04EC0-301F-11D3-BF4B-00C04F79EFBC}") = "Negocio", "Negocio\Negocio.csproj", "{42CD2797-1BC0-4B4F-AFCC-F225E2D2C1A6}"
EndProject
Project("{FAE04EC0-301F-11D3-BF4B-00C04F79EFBC}") = "Datos", "Datos\Datos.csproj", "{76BE56DB-C97B-48A7-8E61-01DFA58CAB2A}"
EndProject
Global
	GlobalSection(SolutionConfigurationPlatforms) = preSolution
		Debug|Any CPU = Debug|Any CPU
		Release|Any CPU = Release|Any CPU
	EndGlobalSection
	GlobalSection(ProjectConfigurationPlatforms) = postSolution
		{54148B28-AB90-441F-926A-4F079B9E8631}.Debug|Any CPU.ActiveCfg = Debug|Any CPU
		{54148B28-AB90-441F-926A-4F079B9E8631}.Debug|Any CPU.Build.0 = Debug|Any CPU
		{54148B28-AB90-441F-926A-4F079B9E8631}.Release|Any CPU.ActiveCfg = Release|Any CPU
		{54148B28-AB90-441F-926A-4F079B9E8631}.Release|Any CPU.Build.0 = Release|Any CPU
		{42CD2797-1BC0-4B4F-AFCC-F225E2D2C1A6}.Debug|Any CPU.ActiveCfg = Debug|Any CPU
		{42CD2797-1BC0-4B4F-AFCC-F225E2D2C1A6}.Debug|Any CPU.Build.0 = Debug|Any CPU
		{42CD2797-1BC0-4B4F-AFCC-F225E2D2C1A6}.Release|Any CPU.ActiveCfg = Release|Any CPU
		{42CD2797-1BC0-4B4F-AFCC-F225E2D2C1A6}.Release|Any CPU.Build.0 = Release|Any CPU
		{76BE56DB-C97B-48A7-8E61-01DFA58CAB2A}.Debug|Any CPU.ActiveCfg = Debug|Any CPU
		{76BE56DB-C97B-48A7-8E61-01DFA58CAB2A}.Debug|Any CPU.Build.0 = Debug|Any CPU
		{76BE56DB-C97B-48A7-8E61-01DFA58CAB2A}.Release|Any CPU.ActiveCfg = Release|Any CPU
		{76BE56DB-C97B-48A7-8E61-01DFA58CAB2A}.Release|Any CPU.Build.0 = Release|Any CPU
	EndGlobalSection
	GlobalSection(SolutionProperties) = preSolution
		HideSolutionNode = FALSE
	EndGlobalSection
	GlobalSection(ExtensibilityGlobals) = postSolution
		SolutionGuid = {2D4714EB-705F-4279-A45A-0C7DEB26BA5C}
	EndGlobalSection
EndGlobal
